{
  "name": "easun-isolar-smx-ii-control",
  "version": "1.0.0",
  "lockfileVersion": 2,
  "requires": true,
  "packages": {
    "": {
      "name": "easun-isolar-smx-ii-control",
      "version": "1.0.0",
      "license": "MIT",
      "dependencies": {
        "local-ipv4-address": "0.0.2"
      }
    },
    "node_modules/local-ipv4-address": {
      "version": "0.0.2",
      "resolved": "https://registry.npmjs.org/local-ipv4-address/-/local-ipv4-address-0.0.2.tgz",
      "integrity": "sha512-VFou515DGuI0ZpQZtnFS2xaJQrhIylkWkD85VAvW6PM1asiCRfJHMJqWTLYO7idFGe2g0ikHvYQdd9N0C36hoA==",
      "dependencies": {
        "q": "1.5.0"
      }
    },
    "node_modules/q": {
      "version": "1.5.0",
      "resolved": "https://registry.npmjs.org/q/-/q-1.5.0.tgz",
      "integrity": "sha512-VVMcd+HnuWZalHPycK7CsbVJ+sSrrrnCvHcW38YJVK9Tywnb5DUWJjONi81bLUj7aqDjIXnePxBl5t1r/F/ncg==",
      "engines": {
        "node": ">=0.6.0",
        "teleport": ">=0.2.0"
      }
    }
  },
  "dependencies": {
    "local-ipv4-address": {
      "version": "0.0.2",
      "resolved": "https://registry.npmjs.org/local-ipv4-address/-/local-ipv4-address-0.0.2.tgz",
      "integrity": "sha512-VFou515DGuI0ZpQZtnFS2xaJQrhIylkWkD85VAvW6PM1asiCRfJHMJqWTLYO7idFGe2g0ikHvYQdd9N0C36hoA==",
      "requires": {
        "q": "1.5.0"
      }
    },
    "q": {
      "version": "1.5.0",
      "resolved": "https://registry.npmjs.org/q/-/q-1.5.0.tgz",
      "integrity": "sha512-VVMcd+HnuWZalHPycK7CsbVJ+sSrrrnCvHcW38YJVK9Tywnb5DUWJjONi81bLUj7aqDjIXnePxBl5t1r/F/ncg=="
    }
  }
}
